
Microsoft Visual Studio Solution File, Format Version 12.00
# Visual Studio 15
VisualStudioVersion = 15.0.27703.2042
MinimumVisualStudioVersion = 10.0.40219.1
Project("{FAE04EC0-301F-11D3-BF4B-00C04F79EFBC}") = "IntacoWebDemoForm", "IntacoWebDemoForm\IntacoWebDemoForm.csproj", "{D15D12E4-7AF4-459B-96AB-02D1D558BB26}"
EndProject
Global
	GlobalSection(SolutionConfigurationPlatforms) = preSolution
		Debug|Any CPU = Debug|Any CPU
		Release|Any CPU = Release|Any CPU
	EndGlobalSection
	GlobalSection(ProjectConfigurationPlatforms) = postSolution
		{D15D12E4-7AF4-459B-96AB-02D1D558BB26}.Debug|Any CPU.ActiveCfg = Debug|Any CPU
		{D15D12E4-7AF4-459B-96AB-02D1D558BB26}.Debug|Any CPU.Build.0 = Debug|Any CPU
		{D15D12E4-7AF4-459B-96AB-02D1D558BB26}.Release|Any CPU.ActiveCfg = Release|Any CPU
		{D15D12E4-7AF4-459B-96AB-02D1D558BB26}.Release|Any CPU.Build.0 = Release|Any CPU
	EndGlobalSection
	GlobalSection(SolutionProperties) = preSolution
		HideSolutionNode = FALSE
	EndGlobalSection
	GlobalSection(ExtensibilityGlobals) = postSolution
		SolutionGuid = {D2160724-B81C-41BB-8342-19DEB5A3874E}
	EndGlobalSection
EndGlobal
